
Microsoft Visual Studio Solution File, Format Version 12.00
# Visual Studio 2012
Project("{8BC9CEB8-8B4A-11D0-8D11-00A0C91BC942}") = "Calculator", "Calculator.vcxproj", "{F8DCB7F9-9160-4CF5-96A0-491E4E9EC312}"
EndProject
Global
	GlobalSection(SolutionConfigurationPlatforms) = preSolution
		Debug|Win32 = Debug|Win32
		Release|Win32 = Release|Win32
	EndGlobalSection
	GlobalSection(ProjectConfigurationPlatforms) = postSolution
		{F8DCB7F9-9160-4CF5-96A0-491E4E9EC312}.Debug|Win32.ActiveCfg = Debug|Win32
		{F8DCB7F9-9160-4CF5-96A0-491E4E9EC312}.Debug|Win32.Build.0 = Debug|Win32
		{F8DCB7F9-9160-4CF5-96A0-491E4E9EC312}.Release|Win32.ActiveCfg = Release|Win32
		{F8DCB7F9-9160-4CF5-96A0-491E4E9EC312}.Release|Win32.Build.0 = Release|Win32
	EndGlobalSection
	GlobalSection(SolutionProperties) = preSolution
		HideSolutionNode = FALSE
	EndGlobalSection
EndGlobal
